
Microsoft Visual Studio Solution File, Format Version 12.00
# Visual Studio 15
VisualStudioVersion = 15.0.27703.2018
MinimumVisualStudioVersion = 10.0.40219.1
Project("{FAE04EC0-301F-11D3-BF4B-00C04F79EFBC}") = "PositiveHealth.Android", "PositiveHealth\PositiveHealth.Android\PositiveHealth.Android.csproj", "{BACC7441-A32B-4400-B7DD-786B1600D1DE}"
EndProject
Project("{FAE04EC0-301F-11D3-BF4B-00C04F79EFBC}") = "PositiveHealth.iOS", "PositiveHealth\PositiveHealth.iOS\PositiveHealth.iOS.csproj", "{B0514C12-3209-4503-8DC8-72E8992D5B47}"
EndProject
Project("{FAE04EC0-301F-11D3-BF4B-00C04F79EFBC}") = "PositiveHealth.UWP", "PositiveHealth\PositiveHealth.UWP\PositiveHealth.UWP.csproj", "{9D688E82-39E3-4613-B15C-8C8468E58F9D}"
EndProject
Project("{FAE04EC0-301F-11D3-BF4B-00C04F79EFBC}") = "PositiveHealth", "PositiveHealth\PositiveHealth\PositiveHealth.csproj", "{9ED32FFB-D868-48F4-8330-272C9D44057A}"
EndProject
Global
	GlobalSection(SolutionConfigurationPlatforms) = preSolution
		Ad-Hoc|Any CPU = Ad-Hoc|Any CPU
		Ad-Hoc|ARM = Ad-Hoc|ARM
		Ad-Hoc|iPhone = Ad-Hoc|iPhone
		Ad-Hoc|iPhoneSimulator = Ad-Hoc|iPhoneSimulator
		Ad-Hoc|x64 = Ad-Hoc|x64
		Ad-Hoc|x86 = Ad-Hoc|x86
		AppStore|Any CPU = AppStore|Any CPU
		AppStore|ARM = AppStore|ARM
		AppStore|iPhone = AppStore|iPhone
		AppStore|iPhoneSimulator = AppStore|iPhoneSimulator
		AppStore|x64 = AppStore|x64
		AppStore|x86 = AppStore|x86
		Debug|Any CPU = Debug|Any CPU
		Debug|ARM = Debug|ARM
		Debug|iPhone = Debug|iPhone
		Debug|iPhoneSimulator = Debug|iPhoneSimulator
		Debug|x64 = Debug|x64
		Debug|x86 = Debug|x86
		Release|Any CPU = Release|Any CPU
		Release|ARM = Release|ARM
		Release|iPhone = Release|iPhone
		Release|iPhoneSimulator = Release|iPhoneSimulator
		Release|x64 = Release|x64
		Release|x86 = Release|x86
	EndGlobalSection
	GlobalSection(ProjectConfigurationPlatforms) = postSolution
		{BACC7441-A32B-4400-B7DD-786B1600D1DE}.Ad-Hoc|Any CPU.ActiveCfg = Release|Any CPU
		{BACC7441-A32B-4400-B7DD-786B1600D1DE}.Ad-Hoc|Any CPU.Build.0 = Release|Any CPU
		{BACC7441-A32B-4400-B7DD-786B1600D1DE}.Ad-Hoc|Any CPU.Deploy.0 = Release|Any CPU
		{BACC7441-A32B-4400-B7DD-786B1600D1DE}.Ad-Hoc|ARM.ActiveCfg = Release|Any CPU
		{BACC7441-A32B-4400-B7DD-786B1600D1DE}.Ad-Hoc|ARM.Build.0 = Release|Any CPU
		{BACC7441-A32B-4400-B7DD-786B1600D1DE}.Ad-Hoc|ARM.Deploy.0 = Release|Any CPU
		{BACC7441-A32B-4400-B7DD-786B1600D1DE}.Ad-Hoc|iPhone.ActiveCfg = Release|Any CPU
		{BACC7441-A32B-4400-B7DD-786B1600D1DE}.Ad-Hoc|iPhone.Build.0 = Release|Any CPU
		{BACC7441-A32B-4400-B7DD-786B1600D1DE}.Ad-Hoc|iPhone.Deploy.0 = Release|Any CPU
		{BACC7441-A32B-4400-B7DD-786B1600D1DE}.Ad-Hoc|iPhoneSimulator.ActiveCfg = Release|Any CPU
		{BACC7441-A32B-4400-B7DD-786B1600D1DE}.Ad-Hoc|iPhoneSimulator.Build.0 = Release|Any CPU
		{BACC7441-A32B-4400-B7DD-786B1600D1DE}.Ad-Hoc|iPhoneSimulator.Deploy.0 = Release|Any CPU
		{BACC7441-A32B-4400-B7DD-786B1600D1DE}.Ad-Hoc|x64.ActiveCfg = Release|Any CPU
		{BACC7441-A32B-4400-B7DD-786B1600D1DE}.Ad-Hoc|x64.Build.0 = Release|Any CPU
		{BACC7441-A32B-4400-B7DD-786B1600D1DE}.Ad-Hoc|x64.Deploy.0 = Release|Any CPU
		{BACC7441-A32B-4400-B7DD-786B1600D1DE}.Ad-Hoc|x86.ActiveCfg = Release|Any CPU
		{BACC7441-A32B-4400-B7DD-786B1600D1DE}.Ad-Hoc|x86.Build.0 = Release|Any CPU
		{BACC7441-A32B-4400-B7DD-786B1600D1DE}.Ad-Hoc|x86.Deploy.0 = Release|Any CPU
		{BACC7441-A32B-4400-B7DD-786B1600D1DE}.AppStore|Any CPU.ActiveCfg = Release|Any CPU
		{BACC7441-A32B-4400-B7DD-786B1600D1DE}.AppStore|Any CPU.Build.0 = Release|Any CPU
		{BACC7441-A32B-4400-B7DD-786B1600D1DE}.AppStore|Any CPU.Deploy.0 = Release|Any CPU
		{BACC7441-A32B-4400-B7DD-786B1600D1DE}.AppStore|ARM.ActiveCfg = Release|Any CPU
		{BACC7441-A32B-4400-B7DD-786B1600D1DE}.AppStore|ARM.Build.0 = Release|Any CPU
		{BACC7441-A32B-4400-B7DD-786B1600D1DE}.AppStore|ARM.Deploy.0 = Release|Any CPU
		{BACC7441-A32B-4400-B7DD-786B1600D1DE}.AppStore|iPhone.ActiveCfg = Release|Any CPU
		{BACC7441-A32B-4400-B7DD-786B1600D1DE}.AppStore|iPhone.Build.0 = Release|Any CPU
		{BACC7441-A32B-4400-B7DD-786B1600D1DE}.AppStore|iPhone.Deploy.0 = Release|Any CPU
		{BACC7441-A32B-4400-B7DD-786B1600D1DE}.AppStore|iPhoneSimulator.ActiveCfg = Release|Any CPU
		{BACC7441-A32B-4400-B7DD-786B1600D1DE}.AppStore|iPhoneSimulator.Build.0 = Release|Any CPU
		{BACC7441-A32B-4400-B7DD-786B1600D1DE}.AppStore|iPhoneSimulator.Deploy.0 = Release|Any CPU
		{BACC7441-A32B-4400-B7DD-786B1600D1DE}.AppStore|x64.ActiveCfg = Release|Any CPU
		{BACC7441-A32B-4400-B7DD-786B1600D1DE}.AppStore|x64.Build.0 = Release|Any CPU
		{BACC7441-A32B-4400-B7DD-786B1600D1DE}.AppStore|x64.Deploy.0 = Release|Any CPU
		{BACC7441-A32B-4400-B7DD-786B1600D1DE}.AppStore|x86.ActiveCfg = Release|Any CPU
		{BACC7441-A32B-4400-B7DD-786B1600D1DE}.AppStore|x86.Build.0 = Release|Any CPU
		{BACC7441-A32B-4400-B7DD-786B1600D1DE}.AppStore|x86.Deploy.0 = Release|Any CPU
		{BACC7441-A32B-4400-B7DD-786B1600D1DE}.Debug|Any CPU.ActiveCfg = Debug|Any CPU
		{BACC7441-A32B-4400-B7DD-786B1600D1DE}.Debug|Any CPU.Build.0 = Debug|Any CPU
		{BACC7441-A32B-4400-B7DD-786B1600D1DE}.Debug|Any CPU.Deploy.0 = Debug|Any CPU
		{BACC7441-A32B-4400-B7DD-786B1600D1DE}.Debug|ARM.ActiveCfg = Debug|Any CPU
		{BACC7441-A32B-4400-B7DD-786B1600D1DE}.Debug|ARM.Build.0 = Debug|Any CPU
		{BACC7441-A32B-4400-B7DD-786B1600D1DE}.Debug|ARM.Deploy.0 = Debug|Any CPU
		{BACC7441-A32B-4400-B7DD-786B1600D1DE}.Debug|iPhone.ActiveCfg = Debug|Any CPU
		{BACC7441-A32B-4400-B7DD-786B1600D1DE}.Debug|iPhone.Build.0 = Debug|Any CPU
		{BACC7441-A32B-4400-B7DD-786B1600D1DE}.Debug|iPhone.Deploy.0 = Debug|Any CPU
		{BACC7441-A32B-4400-B7DD-786B1600D1DE}.Debug|iPhoneSimulator.ActiveCfg = Debug|Any CPU
		{BACC7441-A32B-4400-B7DD-786B1600D1DE}.Debug|iPhoneSimulator.Build.0 = Debug|Any CPU
		{BACC7441-A32B-4400-B7DD-786B1600D1DE}.Debug|iPhoneSimulator.Deploy.0 = Debug|Any CPU
		{BACC7441-A32B-4400-B7DD-786B1600D1DE}.Debug|x64.ActiveCfg = Debug|Any CPU
		{BACC7441-A32B-4400-B7DD-786B1600D1DE}.Debug|x64.Build.0 = Debug|Any CPU
		{BACC7441-A32B-4400-B7DD-786B1600D1DE}.Debug|x64.Deploy.0 = Debug|Any CPU
		{BACC7441-A32B-4400-B7DD-786B1600D1DE}.Debug|x86.ActiveCfg = Debug|Any CPU
		{BACC7441-A32B-4400-B7DD-786B1600D1DE}.Debug|x86.Build.0 = Debug|Any CPU
		{BACC7441-A32B-4400-B7DD-786B1600D1DE}.Debug|x86.Deploy.0 = Debug|Any CPU
		{BACC7441-A32B-4400-B7DD-786B1600D1DE}.Release|Any CPU.ActiveCfg = Release|Any CPU
		{BACC7441-A32B-4400-B7DD-786B1600D1DE}.Release|Any CPU.Build.0 = Release|Any CPU
		{BACC7441-A32B-4400-B7DD-786B1600D1DE}.Release|Any CPU.Deploy.0 = Release|Any CPU
		{BACC7441-A32B-4400-B7DD-786B1600D1DE}.Release|ARM.ActiveCfg = Release|Any CPU
		{BACC7441-A32B-4400-B7DD-786B1600D1DE}.Release|ARM.Build.0 = Release|Any CPU
		{BACC7441-A32B-4400-B7DD-786B1600D1DE}.Release|ARM.Deploy.0 = Release|Any CPU
		{BACC7441-A32B-4400-B7DD-786B1600D1DE}.Release|iPhone.ActiveCfg = Release|Any CPU
		{BACC7441-A32B-4400-B7DD-786B1600D1DE}.Release|iPhone.Build.0 = Release|Any CPU
		{BACC7441-A32B-4400-B7DD-786B1600D1DE}.Release|iPhone.Deploy.0 = Release|Any CPU
		{BACC7441-A32B-4400-B7DD-786B1600D1DE}.Release|iPhoneSimulator.ActiveCfg = Release|Any CPU
		{BACC7441-A32B-4400-B7DD-786B1600D1DE}.Release|iPhoneSimulator.Build.0 = Release|Any CPU
		{BACC7441-A32B-4400-B7DD-786B1600D1DE}.Release|iPhoneSimulator.Deploy.0 = Release|Any CPU
		{BACC7441-A32B-4400-B7DD-786B1600D1DE}.Release|x64.ActiveCfg = Release|Any CPU
		{BACC7441-A32B-4400-B7DD-786B1600D1DE}.Release|x64.Build.0 = Release|Any CPU
		{BACC7441-A32B-4400-B7DD-786B1600D1DE}.Release|x64.Deploy.0 = Release|Any CPU
		{BACC7441-A32B-4400-B7DD-786B1600D1DE}.Release|x86.ActiveCfg = Release|Any CPU
		{BACC7441-A32B-4400-B7DD-786B1600D1DE}.Release|x86.Build.0 = Release|Any CPU
		{BACC7441-A32B-4400-B7DD-786B1600D1DE}.Release|x86.Deploy.0 = Release|Any CPU
		{B0514C12-3209-4503-8DC8-72E8992D5B47}.Ad-Hoc|Any CPU.ActiveCfg = Ad-Hoc|iPhone
		{B0514C12-3209-4503-8DC8-72E8992D5B47}.Ad-Hoc|Any CPU.Build.0 = Ad-Hoc|iPhone
		{B0514C12-3209-4503-8DC8-72E8992D5B47}.Ad-Hoc|Any CPU.Deploy.0 = Ad-Hoc|iPhone
		{B0514C12-3209-4503-8DC8-72E8992D5B47}.Ad-Hoc|ARM.ActiveCfg = Ad-Hoc|iPhone
		{B0514C12-3209-4503-8DC8-72E8992D5B47}.Ad-Hoc|ARM.Build.0 = Ad-Hoc|iPhone
		{B0514C12-3209-4503-8DC8-72E8992D5B47}.Ad-Hoc|ARM.Deploy.0 = Ad-Hoc|iPhone
		{B0514C12-3209-4503-8DC8-72E8992D5B47}.Ad-Hoc|iPhone.ActiveCfg = Ad-Hoc|iPhone
		{B0514C12-3209-4503-8DC8-72E8992D5B47}.Ad-Hoc|iPhone.Build.0 = Ad-Hoc|iPhone
		{B0514C12-3209-4503-8DC8-72E8992D5B47}.Ad-Hoc|iPhone.Deploy.0 = Ad-Hoc|iPhone
		{B0514C12-3209-4503-8DC8-72E8992D5B47}.Ad-Hoc|iPhoneSimulator.ActiveCfg = Ad-Hoc|iPhoneSimulator
		{B0514C12-3209-4503-8DC8-72E8992D5B47}.Ad-Hoc|iPhoneSimulator.Build.0 = Ad-Hoc|iPhoneSimulator
		{B0514C12-3209-4503-8DC8-72E8992D5B47}.Ad-Hoc|iPhoneSimulator.Deploy.0 = Ad-Hoc|iPhoneSimulator
		{B0514C12-3209-4503-8DC8-72E8992D5B47}.Ad-Hoc|x64.ActiveCfg = Ad-Hoc|iPhone
		{B0514C12-3209-4503-8DC8-72E8992D5B47}.Ad-Hoc|x64.Build.0 = Ad-Hoc|iPhone
		{B0514C12-3209-4503-8DC8-72E8992D5B47}.Ad-Hoc|x64.Deploy.0 = Ad-Hoc|iPhone
		{B0514C12-3209-4503-8DC8-72E8992D5B47}.Ad-Hoc|x86.ActiveCfg = Ad-Hoc|iPhone
		{B0514C12-3209-4503-8DC8-72E8992D5B47}.Ad-Hoc|x86.Build.0 = Ad-Hoc|iPhone
		{B0514C12-3209-4503-8DC8-72E8992D5B47}.Ad-Hoc|x86.Deploy.0 = Ad-Hoc|iPhone
		{B0514C12-3209-4503-8DC8-72E8992D5B47}.AppStore|Any CPU.ActiveCfg = AppStore|iPhone
		{B0514C12-3209-4503-8DC8-72E8992D5B47}.AppStore|Any CPU.Build.0 = AppStore|iPhone
		{B0514C12-3209-4503-8DC8-72E8992D5B47}.AppStore|Any CPU.Deploy.0 = AppStore|iPhone
		{B0514C12-3209-4503-8DC8-72E8992D5B47}.AppStore|ARM.ActiveCfg = AppStore|iPhone
		{B0514C12-3209-4503-8DC8-72E8992D5B47}.AppStore|ARM.Build.0 = AppStore|iPhone
		{B0514C12-3209-4503-8DC8-72E8992D5B47}.AppStore|ARM.Deploy.0 = AppStore|iPhone
		{B0514C12-3209-4503-8DC8-72E8992D5B47}.AppStore|iPhone.ActiveCfg = AppStore|iPhone
		{B0514C12-3209-4503-8DC8-72E8992D5B47}.AppStore|iPhone.Build.0 = AppStore|iPhone
		{B0514C12-3209-4503-8DC8-72E8992D5B47}.AppStore|iPhone.Deploy.0 = AppStore|iPhone
		{B0514C12-3209-4503-8DC8-72E8992D5B47}.AppStore|iPhoneSimulator.ActiveCfg = AppStore|iPhoneSimulator
		{B0514C12-3209-4503-8DC8-72E8992D5B47}.AppStore|iPhoneSimulator.Build.0 = AppStore|iPhoneSimulator
		{B0514C12-3209-4503-8DC8-72E8992D5B47}.AppStore|iPhoneSimulator.Deploy.0 = AppStore|iPhoneSimulator
		{B0514C12-3209-4503-8DC8-72E8992D5B47}.AppStore|x64.ActiveCfg = AppStore|iPhone
		{B0514C12-3209-4503-8DC8-72E8992D5B47}.AppStore|x64.Build.0 = AppStore|iPhone
		{B0514C12-3209-4503-8DC8-72E8992D5B47}.AppStore|x64.Deploy.0 = AppStore|iPhone
		{B0514C12-3209-4503-8DC8-72E8992D5B47}.AppStore|x86.ActiveCfg = AppStore|iPhone
		{B0514C12-3209-4503-8DC8-72E8992D5B47}.AppStore|x86.Build.0 = AppStore|iPhone
		{B0514C12-3209-4503-8DC8-72E8992D5B47}.AppStore|x86.Deploy.0 = AppStore|iPhone
		{B0514C12-3209-4503-8DC8-72E8992D5B47}.Debug|Any CPU.ActiveCfg = Debug|iPhoneSimulator
		{B0514C12-3209-4503-8DC8-72E8992D5B47}.Debug|Any CPU.Build.0 = Debug|iPhoneSimulator
		{B0514C12-3209-4503-8DC8-72E8992D5B47}.Debug|Any CPU.Deploy.0 = Debug|iPhoneSimulator
		{B0514C12-3209-4503-8DC8-72E8992D5B47}.Debug|ARM.ActiveCfg = Debug|iPhone
		{B0514C12-3209-4503-8DC8-72E8992D5B47}.Debug|ARM.Build.0 = Debug|iPhone
		{B0514C12-3209-4503-8DC8-72E8992D5B47}.Debug|ARM.Deploy.0 = Debug|iPhone
		{B0514C12-3209-4503-8DC8-72E8992D5B47}.Debug|iPhone.ActiveCfg = Debug|iPhone
		{B0514C12-3209-4503-8DC8-72E8992D5B47}.Debug|iPhone.Build.0 = Debug|iPhone
		{B0514C12-3209-4503-8DC8-72E8992D5B47}.Debug|iPhone.Deploy.0 = Debug|iPhone
		{B0514C12-3209-4503-8DC8-72E8992D5B47}.Debug|iPhoneSimulator.ActiveCfg = Debug|iPhoneSimulator
		{B0514C12-3209-4503-8DC8-72E8992D5B47}.Debug|iPhoneSimulator.Build.0 = Debug|iPhoneSimulator
		{B0514C12-3209-4503-8DC8-72E8992D5B47}.Debug|iPhoneSimulator.Deploy.0 = Debug|iPhoneSimulator
		{B0514C12-3209-4503-8DC8-72E8992D5B47}.Debug|x64.ActiveCfg = Debug|iPhone
		{B0514C12-3209-4503-8DC8-72E8992D5B47}.Debug|x64.Build.0 = Debug|iPhone
		{B0514C12-3209-4503-8DC8-72E8992D5B47}.Debug|x64.Deploy.0 = Debug|iPhone
		{B0514C12-3209-4503-8DC8-72E8992D5B47}.Debug|x86.ActiveCfg = Debug|iPhone
		{B0514C12-3209-4503-8DC8-72E8992D5B47}.Debug|x86.Build.0 = Debug|iPhone
		{B0514C12-3209-4503-8DC8-72E8992D5B47}.Debug|x86.Deploy.0 = Debug|iPhone
		{B0514C12-3209-4503-8DC8-72E8992D5B47}.Release|Any CPU.ActiveCfg = Release|iPhone
		{B0514C12-3209-4503-8DC8-72E8992D5B47}.Release|Any CPU.Build.0 = Release|iPhone
		{B0514C12-3209-4503-8DC8-72E8992D5B47}.Release|Any CPU.Deploy.0 = Release|iPhone
		{B0514C12-3209-4503-8DC8-72E8992D5B47}.Release|ARM.ActiveCfg = Release|iPhone
		{B0514C12-3209-4503-8DC8-72E8992D5B47}.Release|ARM.Build.0 = Release|iPhone
		{B0514C12-3209-4503-8DC8-72E8992D5B47}.Release|ARM.Deploy.0 = Release|iPhone
		{B0514C12-3209-4503-8DC8-72E8992D5B47}.Release|iPhone.ActiveCfg = Release|iPhone
		{B0514C12-3209-4503-8DC8-72E8992D5B47}.Release|iPhone.Build.0 = Release|iPhone
		{B0514C12-3209-4503-8DC8-72E8992D5B47}.Release|iPhone.Deploy.0 = Release|iPhone
		{B0514C12-3209-4503-8DC8-72E8992D5B47}.Release|iPhoneSimulator.ActiveCfg = Release|iPhoneSimulator
		{B0514C12-3209-4503-8DC8-72E8992D5B47}.Release|iPhoneSimulator.Build.0 = Release|iPhoneSimulator
		{B0514C12-3209-4503-8DC8-72E8992D5B47}.Release|iPhoneSimulator.Deploy.0 = Release|iPhoneSimulator
		{B0514C12-3209-4503-8DC8-72E8992D5B47}.Release|x64.ActiveCfg = Release|iPhone
		{B0514C12-3209-4503-8DC8-72E8992D5B47}.Release|x64.Build.0 = Release|iPhone
		{B0514C12-3209-4503-8DC8-72E8992D5B47}.Release|x64.Deploy.0 = Release|iPhone
		{B0514C12-3209-4503-8DC8-72E8992D5B47}.Release|x86.ActiveCfg = Release|iPhone
		{B0514C12-3209-4503-8DC8-72E8992D5B47}.Release|x86.Build.0 = Release|iPhone
		{B0514C12-3209-4503-8DC8-72E8992D5B47}.Release|x86.Deploy.0 = Release|iPhone
		{9D688E82-39E3-4613-B15C-8C8468E58F9D}.Ad-Hoc|Any CPU.ActiveCfg = Release|x86
		{9D688E82-39E3-4613-B15C-8C8468E58F9D}.Ad-Hoc|Any CPU.Build.0 = Release|x86
		{9D688E82-39E3-4613-B15C-8C8468E58F9D}.Ad-Hoc|Any CPU.Deploy.0 = Release|x86
		{9D688E82-39E3-4613-B15C-8C8468E58F9D}.Ad-Hoc|ARM.ActiveCfg = Release|ARM
		{9D688E82-39E3-4613-B15C-8C8468E58F9D}.Ad-Hoc|ARM.Build.0 = Release|ARM
		{9D688E82-39E3-4613-B15C-8C8468E58F9D}.Ad-Hoc|ARM.Deploy.0 = Release|ARM
		{9D688E82-39E3-4613-B15C-8C8468E58F9D}.Ad-Hoc|iPhone.ActiveCfg = Release|x86
		{9D688E82-39E3-4613-B15C-8C8468E58F9D}.Ad-Hoc|iPhone.Build.0 = Release|x86
		{9D688E82-39E3-4613-B15C-8C8468E58F9D}.Ad-Hoc|iPhone.Deploy.0 = Release|x86
		{9D688E82-39E3-4613-B15C-8C8468E58F9D}.Ad-Hoc|iPhoneSimulator.ActiveCfg = Release|x86
		{9D688E82-39E3-4613-B15C-8C8468E58F9D}.Ad-Hoc|iPhoneSimulator.Build.0 = Release|x86
		{9D688E82-39E3-4613-B15C-8C8468E58F9D}.Ad-Hoc|iPhoneSimulator.Deploy.0 = Release|x86
		{9D688E82-39E3-4613-B15C-8C8468E58F9D}.Ad-Hoc|x64.ActiveCfg = Release|x64
		{9D688E82-39E3-4613-B15C-8C8468E58F9D}.Ad-Hoc|x64.Build.0 = Release|x64
		{9D688E82-39E3-4613-B15C-8C8468E58F9D}.Ad-Hoc|x64.Deploy.0 = Release|x64
		{9D688E82-39E3-4613-B15C-8C8468E58F9D}.Ad-Hoc|x86.ActiveCfg = Release|x86
		{9D688E82-39E3-4613-B15C-8C8468E58F9D}.Ad-Hoc|x86.Build.0 = Release|x86
		{9D688E82-39E3-4613-B15C-8C8468E58F9D}.Ad-Hoc|x86.Deploy.0 = Release|x86
		{9D688E82-39E3-4613-B15C-8C8468E58F9D}.AppStore|Any CPU.ActiveCfg = Release|x86
		{9D688E82-39E3-4613-B15C-8C8468E58F9D}.AppStore|Any CPU.Build.0 = Release|x86
		{9D688E82-39E3-4613-B15C-8C8468E58F9D}.AppStore|Any CPU.Deploy.0 = Release|x86
		{9D688E82-39E3-4613-B15C-8C8468E58F9D}.AppStore|ARM.ActiveCfg = Release|ARM
		{9D688E82-39E3-4613-B15C-8C8468E58F9D}.AppStore|ARM.Build.0 = Release|ARM
		{9D688E82-39E3-4613-B15C-8C8468E58F9D}.AppStore|ARM.Deploy.0 = Release|ARM
		{9D688E82-39E3-4613-B15C-8C8468E58F9D}.AppStore|iPhone.ActiveCfg = Release|x86
		{9D688E82-39E3-4613-B15C-8C8468E58F9D}.AppStore|iPhone.Build.0 = Release|x86
		{9D688E82-39E3-4613-B15C-8C8468E58F9D}.AppStore|iPhone.Deploy.0 = Release|x86
		{9D688E82-39E3-4613-B15C-8C8468E58F9D}.AppStore|iPhoneSimulator.ActiveCfg = Release|x86
		{9D688E82-39E3-4613-B15C-8C8468E58F9D}.AppStore|iPhoneSimulator.Build.0 = Release|x86
		{9D688E82-39E3-4613-B15C-8C8468E58F9D}.AppStore|iPhoneSimulator.Deploy.0 = Release|x86
		{9D688E82-39E3-4613-B15C-8C8468E58F9D}.AppStore|x64.ActiveCfg = Release|x64
		{9D688E82-39E3-4613-B15C-8C8468E58F9D}.AppStore|x64.Build.0 = Release|x64
		{9D688E82-39E3-4613-B15C-8C8468E58F9D}.AppStore|x64.Deploy.0 = Release|x64
		{9D688E82-39E3-4613-B15C-8C8468E58F9D}.AppStore|x86.ActiveCfg = Release|x86
		{9D688E82-39E3-4613-B15C-8C8468E58F9D}.AppStore|x86.Build.0 = Release|x86
		{9D688E82-39E3-4613-B15C-8C8468E58F9D}.AppStore|x86.Deploy.0 = Release|x86
		{9D688E82-39E3-4613-B15C-8C8468E58F9D}.Debug|Any CPU.ActiveCfg = Debug|x86
		{9D688E82-39E3-4613-B15C-8C8468E58F9D}.Debug|Any CPU.Build.0 = Debug|x86
		{9D688E82-39E3-4613-B15C-8C8468E58F9D}.Debug|Any CPU.Deploy.0 = Debug|x86
		{9D688E82-39E3-4613-B15C-8C8468E58F9D}.Debug|ARM.ActiveCfg = Debug|ARM
		{9D688E82-39E3-4613-B15C-8C8468E58F9D}.Debug|ARM.Build.0 = Debug|ARM
		{9D688E82-39E3-4613-B15C-8C8468E58F9D}.Debug|ARM.Deploy.0 = Debug|ARM
		{9D688E82-39E3-4613-B15C-8C8468E58F9D}.Debug|iPhone.ActiveCfg = Debug|x86
		{9D688E82-39E3-4613-B15C-8C8468E58F9D}.Debug|iPhone.Build.0 = Debug|x86
		{9D688E82-39E3-4613-B15C-8C8468E58F9D}.Debug|iPhone.Deploy.0 = Debug|x86
		{9D688E82-39E3-4613-B15C-8C8468E58F9D}.Debug|iPhoneSimulator.ActiveCfg = Debug|x86
		{9D688E82-39E3-4613-B15C-8C8468E58F9D}.Debug|iPhoneSimulator.Build.0 = Debug|x86
		{9D688E82-39E3-4613-B15C-8C8468E58F9D}.Debug|iPhoneSimulator.Deploy.0 = Debug|x86
		{9D688E82-39E3-4613-B15C-8C8468E58F9D}.Debug|x64.ActiveCfg = Debug|x64
		{9D688E82-39E3-4613-B15C-8C8468E58F9D}.Debug|x64.Build.0 = Debug|x64
		{9D688E82-39E3-4613-B15C-8C8468E58F9D}.Debug|x64.Deploy.0 = Debug|x64
		{9D688E82-39E3-4613-B15C-8C8468E58F9D}.Debug|x86.ActiveCfg = Debug|x86
		{9D688E82-39E3-4613-B15C-8C8468E58F9D}.Debug|x86.Build.0 = Debug|x86
		{9D688E82-39E3-4613-B15C-8C8468E58F9D}.Debug|x86.Deploy.0 = Debug|x86
		{9D688E82-39E3-4613-B15C-8C8468E58F9D}.Release|Any CPU.ActiveCfg = Release|x86
		{9D688E82-39E3-4613-B15C-8C8468E58F9D}.Release|Any CPU.Build.0 = Release|x86
		{9D688E82-39E3-4613-B15C-8C8468E58F9D}.Release|Any CPU.Deploy.0 = Release|x86
		{9D688E82-39E3-4613-B15C-8C8468E58F9D}.Release|ARM.ActiveCfg = Release|ARM
		{9D688E82-39E3-4613-B15C-8C8468E58F9D}.Release|ARM.Build.0 = Release|ARM
		{9D688E82-39E3-4613-B15C-8C8468E58F9D}.Release|ARM.Deploy.0 = Release|ARM
		{9D688E82-39E3-4613-B15C-8C8468E58F9D}.Release|iPhone.ActiveCfg = Release|x86
		{9D688E82-39E3-4613-B15C-8C8468E58F9D}.Release|iPhone.Build.0 = Release|x86
		{9D688E82-39E3-4613-B15C-8C8468E58F9D}.Release|iPhone.Deploy.0 = Release|x86
		{9D688E82-39E3-4613-B15C-8C8468E58F9D}.Release|iPhoneSimulator.ActiveCfg = Release|x86
		{9D688E82-39E3-4613-B15C-8C8468E58F9D}.Release|iPhoneSimulator.Build.0 = Release|x86
		{9D688E82-39E3-4613-B15C-8C8468E58F9D}.Release|iPhoneSimulator.Deploy.0 = Release|x86
		{9D688E82-39E3-4613-B15C-8C8468E58F9D}.Release|x64.ActiveCfg = Release|x64
		{9D688E82-39E3-4613-B15C-8C8468E58F9D}.Release|x64.Build.0 = Release|x64
		{9D688E82-39E3-4613-B15C-8C8468E58F9D}.Release|x64.Deploy.0 = Release|x64
		{9D688E82-39E3-4613-B15C-8C8468E58F9D}.Release|x86.ActiveCfg = Release|x86
		{9D688E82-39E3-4613-B15C-8C8468E58F9D}.Release|x86.Build.0 = Release|x86
		{9D688E82-39E3-4613-B15C-8C8468E58F9D}.Release|x86.Deploy.0 = Release|x86
		{9ED32FFB-D868-48F4-8330-272C9D44057A}.Ad-Hoc|Any CPU.ActiveCfg = Debug|Any CPU
		{9ED32FFB-D868-48F4-8330-272C9D44057A}.Ad-Hoc|Any CPU.Build.0 = Debug|Any CPU
		{9ED32FFB-D868-48F4-8330-272C9D44057A}.Ad-Hoc|Any CPU.Deploy.0 = Debug|Any CPU
		{9ED32FFB-D868-48F4-8330-272C9D44057A}.Ad-Hoc|ARM.ActiveCfg = Debug|Any CPU
		{9ED32FFB-D868-48F4-8330-272C9D44057A}.Ad-Hoc|ARM.Build.0 = Debug|Any CPU
		{9ED32FFB-D868-48F4-8330-272C9D44057A}.Ad-Hoc|ARM.Deploy.0 = Debug|Any CPU
		{9ED32FFB-D868-48F4-8330-272C9D44057A}.Ad-Hoc|iPhone.ActiveCfg = Debug|Any CPU
		{9ED32FFB-D868-48F4-8330-272C9D44057A}.Ad-Hoc|iPhone.Build.0 = Debug|Any CPU
		{9ED32FFB-D868-48F4-8330-272C9D44057A}.Ad-Hoc|iPhone.Deploy.0 = Debug|Any CPU
		{9ED32FFB-D868-48F4-8330-272C9D44057A}.Ad-Hoc|iPhoneSimulator.ActiveCfg = Debug|Any CPU
		{9ED32FFB-D868-48F4-8330-272C9D44057A}.Ad-Hoc|iPhoneSimulator.Build.0 = Debug|Any CPU
		{9ED32FFB-D868-48F4-8330-272C9D44057A}.Ad-Hoc|iPhoneSimulator.Deploy.0 = Debug|Any CPU
		{9ED32FFB-D868-48F4-8330-272C9D44057A}.Ad-Hoc|x64.ActiveCfg = Debug|Any CPU
		{9ED32FFB-D868-48F4-8330-272C9D44057A}.Ad-Hoc|x64.Build.0 = Debug|Any CPU
		{9ED32FFB-D868-48F4-8330-272C9D44057A}.Ad-Hoc|x64.Deploy.0 = Debug|Any CPU
		{9ED32FFB-D868-48F4-8330-272C9D44057A}.Ad-Hoc|x86.ActiveCfg = Debug|Any CPU
		{9ED32FFB-D868-48F4-8330-272C9D44057A}.Ad-Hoc|x86.Build.0 = Debug|Any CPU
		{9ED32FFB-D868-48F4-8330-272C9D44057A}.Ad-Hoc|x86.Deploy.0 = Debug|Any CPU
		{9ED32FFB-D868-48F4-8330-272C9D44057A}.AppStore|Any CPU.ActiveCfg = Debug|Any CPU
		{9ED32FFB-D868-48F4-8330-272C9D44057A}.AppStore|Any CPU.Build.0 = Debug|Any CPU
		{9ED32FFB-D868-48F4-8330-272C9D44057A}.AppStore|Any CPU.Deploy.0 = Debug|Any CPU
		{9ED32FFB-D868-48F4-8330-272C9D44057A}.AppStore|ARM.ActiveCfg = Debug|Any CPU
		{9ED32FFB-D868-48F4-8330-272C9D44057A}.AppStore|ARM.Build.0 = Debug|Any CPU
		{9ED32FFB-D868-48F4-8330-272C9D44057A}.AppStore|ARM.Deploy.0 = Debug|Any CPU
		{9ED32FFB-D868-48F4-8330-272C9D44057A}.AppStore|iPhone.ActiveCfg = Debug|Any CPU
		{9ED32FFB-D868-48F4-8330-272C9D44057A}.AppStore|iPhone.Build.0 = Debug|Any CPU
		{9ED32FFB-D868-48F4-8330-272C9D44057A}.AppStore|iPhone.Deploy.0 = Debug|Any CPU
		{9ED32FFB-D868-48F4-8330-272C9D44057A}.AppStore|iPhoneSimulator.ActiveCfg = Debug|Any CPU
		{9ED32FFB-D868-48F4-8330-272C9D44057A}.AppStore|iPhoneSimulator.Build.0 = Debug|Any CPU
		{9ED32FFB-D868-48F4-8330-272C9D44057A}.AppStore|iPhoneSimulator.Deploy.0 = Debug|Any CPU
		{9ED32FFB-D868-48F4-8330-272C9D44057A}.AppStore|x64.ActiveCfg = Debug|Any CPU
		{9ED32FFB-D868-48F4-8330-272C9D44057A}.AppStore|x64.Build.0 = Debug|Any CPU
		{9ED32FFB-D868-48F4-8330-272C9D44057A}.AppStore|x64.Deploy.0 = Debug|Any CPU
		{9ED32FFB-D868-48F4-8330-272C9D44057A}.AppStore|x86.ActiveCfg = Debug|Any CPU
		{9ED32FFB-D868-48F4-8330-272C9D44057A}.AppStore|x86.Build.0 = Debug|Any CPU
		{9ED32FFB-D868-48F4-8330-272C9D44057A}.AppStore|x86.Deploy.0 = Debug|Any CPU
		{9ED32FFB-D868-48F4-8330-272C9D44057A}.Debug|Any CPU.ActiveCfg = Debug|Any CPU
		{9ED32FFB-D868-48F4-8330-272C9D44057A}.Debug|Any CPU.Build.0 = Debug|Any CPU
		{9ED32FFB-D868-48F4-8330-272C9D44057A}.Debug|Any CPU.Deploy.0 = Debug|Any CPU
		{9ED32FFB-D868-48F4-8330-272C9D44057A}.Debug|ARM.ActiveCfg = Debug|Any CPU
		{9ED32FFB-D868-48F4-8330-272C9D44057A}.Debug|ARM.Build.0 = Debug|Any CPU
		{9ED32FFB-D868-48F4-8330-272C9D44057A}.Debug|ARM.Deploy.0 = Debug|Any CPU
		{9ED32FFB-D868-48F4-8330-272C9D44057A}.Debug|iPhone.ActiveCfg = Debug|Any CPU
		{9ED32FFB-D868-48F4-8330-272C9D44057A}.Debug|iPhone.Build.0 = Debug|Any CPU
		{9ED32FFB-D868-48F4-8330-272C9D44057A}.Debug|iPhone.Deploy.0 = Debug|Any CPU
		{9ED32FFB-D868-48F4-8330-272C9D44057A}.Debug|iPhoneSimulator.ActiveCfg = Debug|Any CPU
		{9ED32FFB-D868-48F4-8330-272C9D44057A}.Debug|iPhoneSimulator.Build.0 = Debug|Any CPU
		{9ED32FFB-D868-48F4-8330-272C9D44057A}.Debug|iPhoneSimulator.Deploy.0 = Debug|Any CPU
		{9ED32FFB-D868-48F4-8330-272C9D44057A}.Debug|x64.ActiveCfg = Debug|Any CPU
		{9ED32FFB-D868-48F4-8330-272C9D44057A}.Debug|x64.Build.0 = Debug|Any CPU
		{9ED32FFB-D868-48F4-8330-272C9D44057A}.Debug|x64.Deploy.0 = Debug|Any CPU
		{9ED32FFB-D868-48F4-8330-272C9D44057A}.Debug|x86.ActiveCfg = Debug|Any CPU
		{9ED32FFB-D868-48F4-8330-272C9D44057A}.Debug|x86.Build.0 = Debug|Any CPU
		{9ED32FFB-D868-48F4-8330-272C9D44057A}.Debug|x86.Deploy.0 = Debug|Any CPU
		{9ED32FFB-D868-48F4-8330-272C9D44057A}.Release|Any CPU.ActiveCfg = Release|Any CPU
		{9ED32FFB-D868-48F4-8330-272C9D44057A}.Release|Any CPU.Build.0 = Release|Any CPU
		{9ED32FFB-D868-48F4-8330-272C9D44057A}.Release|Any CPU.Deploy.0 = Release|Any CPU
		{9ED32FFB-D868-48F4-8330-272C9D44057A}.Release|ARM.ActiveCfg = Release|Any CPU
		{9ED32FFB-D868-48F4-8330-272C9D44057A}.Release|ARM.Build.0 = Release|Any CPU
		{9ED32FFB-D868-48F4-8330-272C9D44057A}.Release|ARM.Deploy.0 = Release|Any CPU
		{9ED32FFB-D868-48F4-8330-272C9D44057A}.Release|iPhone.ActiveCfg = Release|Any CPU
		{9ED32FFB-D868-48F4-8330-272C9D44057A}.Release|iPhone.Build.0 = Release|Any CPU
		{9ED32FFB-D868-48F4-8330-272C9D44057A}.Release|iPhone.Deploy.0 = Release|Any CPU
		{9ED32FFB-D868-48F4-8330-272C9D44057A}.Release|iPhoneSimulator.ActiveCfg = Release|Any CPU
		{9ED32FFB-D868-48F4-8330-272C9D44057A}.Release|iPhoneSimulator.Build.0 = Release|Any CPU
		{9ED32FFB-D868-48F4-8330-272C9D44057A}.Release|iPhoneSimulator.Deploy.0 = Release|Any CPU
		{9ED32FFB-D868-48F4-8330-272C9D44057A}.Release|x64.ActiveCfg = Release|Any CPU
		{9ED32FFB-D868-48F4-8330-272C9D44057A}.Release|x64.Build.0 = Release|Any CPU
		{9ED32FFB-D868-48F4-8330-272C9D44057A}.Release|x64.Deploy.0 = Release|Any CPU
		{9ED32FFB-D868-48F4-8330-272C9D44057A}.Release|x86.ActiveCfg = Release|Any CPU
		{9ED32FFB-D868-48F4-8330-272C9D44057A}.Release|x86.Build.0 = Release|Any CPU
		{9ED32FFB-D868-48F4-8330-272C9D44057A}.Release|x86.Deploy.0 = Release|Any CPU
	EndGlobalSection
	GlobalSection(SolutionProperties) = preSolution
		HideSolutionNode = FALSE
	EndGlobalSection
	GlobalSection(ExtensibilityGlobals) = postSolution
		SolutionGuid = {7B8D491D-5E34-4AE0-AA4C-2B19626B10CE}
	EndGlobalSection
EndGlobal
